{
  "version": "0.1.0",
  "lockfileVersion": 1,
  "requires": true,
  "dependencies": {
    "yarn": {
      "version": "1.13.0",
      "resolved": "https://registry.npmjs.org/yarn/-/yarn-1.13.0.tgz",
      "integrity": "sha512-Unfw2eefv8imt4ZMPhvFVP44WCz38huDxkHs+Yqrx4wBTK75Tr0mh3V4rh+2Nw5iQq0rcM/VafotCZo9qTb5DA=="
    }
  }
}
